<?xml version="1.0" encoding="UTF-8"?>
<CodeBlocks_project_file>
	<FileVersion major="1" minor="6"/>
	<Project>
		<Option title="LimbicEngine"/>
		<Option makefile_is_custom="1"/>
		<Option compiler="gcc"/>
		<Option virtualFolders="CMake Files\;CMake Files\..\;CMake Files\..\..\;CMake Files\..\..\..\;CMake Files\..\..\..\..\;CMake Files\..\..\..\..\usr\;CMake Files\..\..\..\..\usr\share\;CMake Files\..\..\..\..\usr\share\cmake\;CMake Files\..\..\..\..\usr\share\cmake\glm\;"/>
		<Build>
			<Target title="all">
				<Option working_dir="/home/alek/Documents/LimbicEngine_OpenGL"/>
				<Option type="4"/>
				<MakeCommands>
					<Build command="/usr/bin/gmake -f &quot;/home/alek/Documents/LimbicEngine_OpenGL/Makefile&quot;  VERBOSE=1 all"/>
					<CompileFile command="/usr/bin/gmake -f &quot;/home/alek/Documents/LimbicEngine_OpenGL/Makefile&quot;  VERBOSE=1 &quot;$file&quot;"/>
					<Clean command="/usr/bin/gmake -f &quot;/home/alek/Documents/LimbicEngine_OpenGL/Makefile&quot;  VERBOSE=1 clean"/>
					<DistClean command="/usr/bin/gmake -f &quot;/home/alek/Documents/LimbicEngine_OpenGL/Makefile&quot;  VERBOSE=1 clean"/>
				</MakeCommands>
			</Target>
			<Target title="rebuild_cache">
				<Option working_dir="/home/alek/Documents/LimbicEngine_OpenGL"/>
				<Option type="4"/>
				<MakeCommands>
					<Build command="/usr/bin/gmake -f &quot;/home/alek/Documents/LimbicEngine_OpenGL/Makefile&quot;  VERBOSE=1 rebuild_cache"/>
					<CompileFile command="/usr/bin/gmake -f &quot;/home/alek/Documents/LimbicEngine_OpenGL/Makefile&quot;  VERBOSE=1 &quot;$file&quot;"/>
					<Clean command="/usr/bin/gmake -f &quot;/home/alek/Documents/LimbicEngine_OpenGL/Makefile&quot;  VERBOSE=1 clean"/>
					<DistClean command="/usr/bin/gmake -f &quot;/home/alek/Documents/LimbicEngine_OpenGL/Makefile&quot;  VERBOSE=1 clean"/>
				</MakeCommands>
			</Target>
			<Target title="LimbicEngine">
				<Option output="/home/alek/Documents/LimbicEngine_OpenGL/build/LimbicEngine" prefix_auto="0" extension_auto="0"/>
				<Option working_dir="/home/alek/Documents/LimbicEngine_OpenGL/build"/>
				<Option object_output="./"/>
				<Option type="1"/>
				<Option compiler="gcc"/>
				<Compiler/>
				<MakeCommands>
					<Build command="/usr/bin/gmake -f &quot;/home/alek/Documents/LimbicEngine_OpenGL/Makefile&quot;  VERBOSE=1 LimbicEngine"/>
					<CompileFile command="/usr/bin/gmake -f &quot;/home/alek/Documents/LimbicEngine_OpenGL/Makefile&quot;  VERBOSE=1 &quot;$file&quot;"/>
					<Clean command="/usr/bin/gmake -f &quot;/home/alek/Documents/LimbicEngine_OpenGL/Makefile&quot;  VERBOSE=1 clean"/>
					<DistClean command="/usr/bin/gmake -f &quot;/home/alek/Documents/LimbicEngine_OpenGL/Makefile&quot;  VERBOSE=1 clean"/>
				</MakeCommands>
			</Target>
			<Target title="LimbicEngine/fast">
				<Option output="/home/alek/Documents/LimbicEngine_OpenGL/build/LimbicEngine" prefix_auto="0" extension_auto="0"/>
				<Option working_dir="/home/alek/Documents/LimbicEngine_OpenGL/build"/>
				<Option object_output="./"/>
				<Option type="1"/>
				<Option compiler="gcc"/>
				<Compiler/>
				<MakeCommands>
					<Build command="/usr/bin/gmake -f &quot;/home/alek/Documents/LimbicEngine_OpenGL/Makefile&quot;  VERBOSE=1 LimbicEngine/fast"/>
					<CompileFile command="/usr/bin/gmake -f &quot;/home/alek/Documents/LimbicEngine_OpenGL/Makefile&quot;  VERBOSE=1 &quot;$file&quot;"/>
					<Clean command="/usr/bin/gmake -f &quot;/home/alek/Documents/LimbicEngine_OpenGL/Makefile&quot;  VERBOSE=1 clean"/>
					<DistClean command="/usr/bin/gmake -f &quot;/home/alek/Documents/LimbicEngine_OpenGL/Makefile&quot;  VERBOSE=1 clean"/>
				</MakeCommands>
			</Target>
			<Target title="edit_cache">
				<Option working_dir="/home/alek/Documents/LimbicEngine_OpenGL"/>
				<Option type="4"/>
				<MakeCommands>
					<Build command="/usr/bin/gmake -f &quot;/home/alek/Documents/LimbicEngine_OpenGL/Makefile&quot;  VERBOSE=1 edit_cache"/>
					<CompileFile command="/usr/bin/gmake -f &quot;/home/alek/Documents/LimbicEngine_OpenGL/Makefile&quot;  VERBOSE=1 &quot;$file&quot;"/>
					<Clean command="/usr/bin/gmake -f &quot;/home/alek/Documents/LimbicEngine_OpenGL/Makefile&quot;  VERBOSE=1 clean"/>
					<DistClean command="/usr/bin/gmake -f &quot;/home/alek/Documents/LimbicEngine_OpenGL/Makefile&quot;  VERBOSE=1 clean"/>
				</MakeCommands>
			</Target>
		</Build>
		<Unit filename="/home/alek/Documents/LimbicEngine_OpenGL/LimbicEngine/common.hpp">
			<Option target="LimbicEngine"/>
		</Unit>
		<Unit filename="/home/alek/Documents/LimbicEngine_OpenGL/LimbicEngine/contentLoader.cpp">
			<Option target="LimbicEngine"/>
		</Unit>
		<Unit filename="/home/alek/Documents/LimbicEngine_OpenGL/LimbicEngine/error.hpp">
			<Option target="LimbicEngine"/>
		</Unit>
		<Unit filename="/home/alek/Documents/LimbicEngine_OpenGL/LimbicEngine/io.cpp">
			<Option target="LimbicEngine"/>
		</Unit>
		<Unit filename="/home/alek/Documents/LimbicEngine_OpenGL/LimbicEngine/io.hpp">
			<Option target="LimbicEngine"/>
		</Unit>
		<Unit filename="/home/alek/Documents/LimbicEngine_OpenGL/LimbicEngine/main.cpp">
			<Option target="LimbicEngine"/>
		</Unit>
		<Unit filename="/home/alek/Documents/LimbicEngine_OpenGL/LimbicEngine/map.cpp">
			<Option target="LimbicEngine"/>
		</Unit>
		<Unit filename="/home/alek/Documents/LimbicEngine_OpenGL/LimbicEngine/map.hpp">
			<Option target="LimbicEngine"/>
		</Unit>
		<Unit filename="/home/alek/Documents/LimbicEngine_OpenGL/LimbicEngine/pc_gl_render.cpp">
			<Option target="LimbicEngine"/>
		</Unit>
		<Unit filename="/home/alek/Documents/LimbicEngine_OpenGL/LimbicEngine/pc_gl_render.hpp">
			<Option target="LimbicEngine"/>
		</Unit>
		<Unit filename="/home/alek/Documents/LimbicEngine_OpenGL/LimbicEngine/player.cpp">
			<Option target="LimbicEngine"/>
		</Unit>
		<Unit filename="/home/alek/Documents/LimbicEngine_OpenGL/LimbicEngine/player.hpp">
			<Option target="LimbicEngine"/>
		</Unit>
		<Unit filename="/home/alek/Documents/LimbicEngine_OpenGL/LimbicEngine/render.cpp">
			<Option target="LimbicEngine"/>
		</Unit>
		<Unit filename="/home/alek/Documents/LimbicEngine_OpenGL/LimbicEngine/render.hpp">
			<Option target="LimbicEngine"/>
		</Unit>
		<Unit filename="/home/alek/Documents/LimbicEngine_OpenGL/LimbicEngine/shaderLoader.cpp">
			<Option target="LimbicEngine"/>
		</Unit>
		<Unit filename="/home/alek/Documents/LimbicEngine_OpenGL/LimbicEngine/shaderLoader.hpp">
			<Option target="LimbicEngine"/>
		</Unit>
		<Unit filename="/home/alek/Documents/LimbicEngine_OpenGL/LimbicEngine/textureLoader.cpp">
			<Option target="LimbicEngine"/>
		</Unit>
		<Unit filename="/home/alek/Documents/LimbicEngine_OpenGL/LimbicEngine/textureLoader.hpp">
			<Option target="LimbicEngine"/>
		</Unit>
		<Unit filename="/home/alek/Documents/LimbicEngine_OpenGL/CMakeLists.txt">
			<Option virtualFolder="CMake Files\"/>
		</Unit>
		<Unit filename="/home/alek/Documents/LimbicEngine_OpenGL/../../../../usr/share/cmake/glm/glmConfig.cmake">
			<Option virtualFolder="CMake Files\..\..\..\..\usr\share\cmake\glm\"/>
		</Unit>
		<Unit filename="/home/alek/Documents/LimbicEngine_OpenGL/../../../../usr/share/cmake/glm/glmConfigVersion.cmake">
			<Option virtualFolder="CMake Files\..\..\..\..\usr\share\cmake\glm\"/>
		</Unit>
		<Unit filename="/home/alek/Documents/LimbicEngine_OpenGL/../../../../usr/share/cmake/glm/glmTargets.cmake">
			<Option virtualFolder="CMake Files\..\..\..\..\usr\share\cmake\glm\"/>
		</Unit>
	</Project>
</CodeBlocks_project_file>
