<?xml version="1.0" encoding="utf-8"?>
<Project ToolsVersion="4.0" xmlns="http://schemas.microsoft.com/developer/msbuild/2003">
  <ItemGroup>
    <Filter Include="Source Files">
      <UniqueIdentifier>{4FC737F1-C7A5-4376-A066-2A32D752A2FF}</UniqueIdentifier>
      <Extensions>cpp;c;cc;cxx;c++;cppm;ixx;def;odl;idl;hpj;bat;asm;asmx</Extensions>
    </Filter>
    <Filter Include="Header Files">
      <UniqueIdentifier>{93995380-89BD-4b04-88EB-625FBE52EBFB}</UniqueIdentifier>
      <Extensions>h;hh;hpp;hxx;h++;hm;inl;inc;ipp;xsd</Extensions>
    </Filter>
    <Filter Include="Resource Files">
      <UniqueIdentifier>{67DA6AB6-F800-4c08-8B7A-83BB121AAD01}</UniqueIdentifier>
      <Extensions>rc;ico;cur;bmp;dlg;rc2;rct;bin;rgs;gif;jpg;jpeg;jpe;resx;tiff;tif;png;wav;mfcribbon-ms</Extensions>
    </Filter>
    <Filter Include="Source Files\Entities">
      <UniqueIdentifier>{f8d58dde-1380-4d25-a7ab-3180f5ec7d79}</UniqueIdentifier>
    </Filter>
    <Filter Include="Header Files\Entities">
      <UniqueIdentifier>{6158ea7c-c263-40be-b83f-08365ac0052d}</UniqueIdentifier>
    </Filter>
    <Filter Include="Header Files\Common">
      <UniqueIdentifier>{e0ec56a4-a10c-4211-856e-15c7ec996cd9}</UniqueIdentifier>
    </Filter>
    <Filter Include="Header Files\IOSystem">
      <UniqueIdentifier>{8f384d96-9bac-48d3-aa0f-3772d5ecd5b1}</UniqueIdentifier>
    </Filter>
    <Filter Include="Source Files\IOSystem">
      <UniqueIdentifier>{fdb06499-7b1d-442f-abd9-f2ea22eb669b}</UniqueIdentifier>
    </Filter>
  </ItemGroup>
  <ItemGroup>
    <ClInclude Include="ResourceSystem.h">
      <Filter>Header Files</Filter>
    </ClInclude>
    <ClInclude Include="Game.h">
      <Filter>Header Files</Filter>
    </ClInclude>
    <ClInclude Include="RenderSystem.h">
      <Filter>Header Files</Filter>
    </ClInclude>
    <ClInclude Include="EStaticWorldGeometry.h">
      <Filter>Header Files\Entities</Filter>
    </ClInclude>
    <ClInclude Include="EventSystem.h">
      <Filter>Header Files</Filter>
    </ClInclude>
    <ClInclude Include="WorldSystem.h">
      <Filter>Header Files</Filter>
    </ClInclude>
    <ClInclude Include="LimbicProperties.h">
      <Filter>Header Files\Common</Filter>
    </ClInclude>
    <ClInclude Include="LimbicTypes.h">
      <Filter>Header Files\Common</Filter>
    </ClInclude>
    <ClInclude Include="EEntity.h">
      <Filter>Header Files\Entities</Filter>
    </ClInclude>
    <ClInclude Include="ETestCamera.h">
      <Filter>Header Files\Entities</Filter>
    </ClInclude>
    <ClInclude Include="IOSystem.h">
      <Filter>Header Files\IOSystem</Filter>
    </ClInclude>
    <ClInclude Include="IOSystem_GLFW.h">
      <Filter>Header Files\IOSystem</Filter>
    </ClInclude>
    <ClInclude Include="IOSystem_InputBinds.h">
      <Filter>Header Files\IOSystem</Filter>
    </ClInclude>
    <ClInclude Include="IOSystem_GLFWBinds.h">
      <Filter>Header Files\IOSystem</Filter>
    </ClInclude>
    <ClInclude Include="EPlayer.h">
      <Filter>Header Files</Filter>
    </ClInclude>
  </ItemGroup>
  <ItemGroup>
    <ClCompile Include="ResourceSystem.cpp">
      <Filter>Source Files</Filter>
    </ClCompile>
    <ClCompile Include="Game.cpp">
      <Filter>Source Files</Filter>
    </ClCompile>
    <ClCompile Include="RenderSystem.cpp">
      <Filter>Source Files</Filter>
    </ClCompile>
    <ClCompile Include="EStaticWorldGeometry.cpp">
      <Filter>Source Files\Entities</Filter>
    </ClCompile>
    <ClCompile Include="EventSystem.cpp">
      <Filter>Source Files</Filter>
    </ClCompile>
    <ClCompile Include="WorldSystem.cpp">
      <Filter>Source Files</Filter>
    </ClCompile>
    <ClCompile Include="EEntity.cpp">
      <Filter>Source Files\Entities</Filter>
    </ClCompile>
    <ClCompile Include="ETestCamera.cpp">
      <Filter>Source Files\Entities</Filter>
    </ClCompile>
    <ClCompile Include="IOSystem_GLFW.cpp">
      <Filter>Source Files\IOSystem</Filter>
    </ClCompile>
    <ClCompile Include="EPlayer.cpp">
      <Filter>Source Files</Filter>
    </ClCompile>
  </ItemGroup>
</Project>